
Microsoft Visual Studio Solution File, Format Version 12.00
# Visual Studio Version 17
VisualStudioVersion = 17.3.32819.101
MinimumVisualStudioVersion = 10.0.40219.1
Project("{FAE04EC0-301F-11D3-BF4B-00C04F79EFBC}") = "RAA_Session08_Bonus", "RAA_Session08_Bonus\RAA_Session08_Bonus.csproj", "{AB4DEBCF-E697-4CA8-9CD2-59F935F4CE55}"
EndProject
Global
	GlobalSection(SolutionConfigurationPlatforms) = preSolution
		Debug|Any CPU = Debug|Any CPU
		Release|Any CPU = Release|Any CPU
	EndGlobalSection
	GlobalSection(ProjectConfigurationPlatforms) = postSolution
		{AB4DEBCF-E697-4CA8-9CD2-59F935F4CE55}.Debug|Any CPU.ActiveCfg = Debug|Any CPU
		{AB4DEBCF-E697-4CA8-9CD2-59F935F4CE55}.Debug|Any CPU.Build.0 = Debug|Any CPU
		{AB4DEBCF-E697-4CA8-9CD2-59F935F4CE55}.Release|Any CPU.ActiveCfg = Release|Any CPU
		{AB4DEBCF-E697-4CA8-9CD2-59F935F4CE55}.Release|Any CPU.Build.0 = Release|Any CPU
	EndGlobalSection
	GlobalSection(SolutionProperties) = preSolution
		HideSolutionNode = FALSE
	EndGlobalSection
	GlobalSection(ExtensibilityGlobals) = postSolution
		SolutionGuid = {19671519-86E5-4C5F-AF88-C5C71C65E968}
	EndGlobalSection
EndGlobal
